
Microsoft Visual Studio Solution File, Format Version 12.00
# Visual Studio 2013
VisualStudioVersion = 12.0.31101.0
MinimumVisualStudioVersion = 10.0.40219.1
Project("{FAE04EC0-301F-11D3-BF4B-00C04F79EFBC}") = "System.Common.Extensions", "System.Common.Extensions\System.Common.Extensions.csproj", "{B70B787C-02C2-4FA4-A3EC-F300655E6386}"
EndProject
Project("{FAE04EC0-301F-11D3-BF4B-00C04F79EFBC}") = "System.Common.References", "System.Common.References\System.Common.References.csproj", "{A48005A7-B0C7-4F0F-BA5C-8661914AB2A6}"
EndProject
Global
	GlobalSection(SolutionConfigurationPlatforms) = preSolution
		Debug|Any CPU = Debug|Any CPU
		Release|Any CPU = Release|Any CPU
	EndGlobalSection
	GlobalSection(ProjectConfigurationPlatforms) = postSolution
		{B70B787C-02C2-4FA4-A3EC-F300655E6386}.Debug|Any CPU.ActiveCfg = Debug|Any CPU
		{B70B787C-02C2-4FA4-A3EC-F300655E6386}.Debug|Any CPU.Build.0 = Debug|Any CPU
		{B70B787C-02C2-4FA4-A3EC-F300655E6386}.Release|Any CPU.ActiveCfg = Release|Any CPU
		{B70B787C-02C2-4FA4-A3EC-F300655E6386}.Release|Any CPU.Build.0 = Release|Any CPU
		{A48005A7-B0C7-4F0F-BA5C-8661914AB2A6}.Debug|Any CPU.ActiveCfg = Debug|Any CPU
		{A48005A7-B0C7-4F0F-BA5C-8661914AB2A6}.Debug|Any CPU.Build.0 = Debug|Any CPU
		{A48005A7-B0C7-4F0F-BA5C-8661914AB2A6}.Release|Any CPU.ActiveCfg = Release|Any CPU
		{A48005A7-B0C7-4F0F-BA5C-8661914AB2A6}.Release|Any CPU.Build.0 = Release|Any CPU
	EndGlobalSection
	GlobalSection(SolutionProperties) = preSolution
		HideSolutionNode = FALSE
	EndGlobalSection
EndGlobal
